lockfileVersion: '6.0'

settings:
  autoInstallPeers: true
  excludeLinksFromLockfile: false

dependencies:
  yaml:
    specifier: ^2.3.4
    version: 2.5.1

packages:

  /yaml@2.5.1:
    resolution: {integrity: sha512-bLQOjaX/ADgQ20isPJRvF0iRUHIxVhYvr53Of7wGcWlO2jvtUlH5m87DsmulFVxRpNLOnI4tB6p/oh8D7kpn9Q==}
    engines: {node: '>= 14'}
    hasBin: true
    dev: false
